
Microsoft Visual Studio Solution File, Format Version 12.00
# Visual Studio Version 17
VisualStudioVersion = 17.9.34728.123
MinimumVisualStudioVersion = 10.0.40219.1
Project("{FAE04EC0-301F-11D3-BF4B-00C04F79EFBC}") = "clinicaVeterinaria", "clinicaVeterinaria.csproj", "{66210DBF-0908-4B50-B4C7-C0DA7F58E523}"
EndProject
Global
	GlobalSection(SolutionConfigurationPlatforms) = preSolution
		Debug|Any CPU = Debug|Any CPU
		Release|Any CPU = Release|Any CPU
	EndGlobalSection
	GlobalSection(ProjectConfigurationPlatforms) = postSolution
		{66210DBF-0908-4B50-B4C7-C0DA7F58E523}.Debug|Any CPU.ActiveCfg = Debug|Any CPU
		{66210DBF-0908-4B50-B4C7-C0DA7F58E523}.Debug|Any CPU.Build.0 = Debug|Any CPU
		{66210DBF-0908-4B50-B4C7-C0DA7F58E523}.Release|Any CPU.ActiveCfg = Release|Any CPU
		{66210DBF-0908-4B50-B4C7-C0DA7F58E523}.Release|Any CPU.Build.0 = Release|Any CPU
	EndGlobalSection
	GlobalSection(SolutionProperties) = preSolution
		HideSolutionNode = FALSE
	EndGlobalSection
	GlobalSection(ExtensibilityGlobals) = postSolution
		SolutionGuid = {3B100967-FFC6-4972-8512-F17BCDD422E4}
	EndGlobalSection
EndGlobal
